
Microsoft Visual Studio Solution File, Format Version 12.00
# Visual Studio Version 17
VisualStudioVersion = 17.13.35825.156 d17.13
MinimumVisualStudioVersion = 10.0.40219.1
Project("{FAE04EC0-301F-11D3-BF4B-00C04F79EFBC}") = "Course", "Course\Course.csproj", "{94F06553-072C-4D02-886E-BB7FC11F093B}"
EndProject
Global
	GlobalSection(SolutionConfigurationPlatforms) = preSolution
		Debug|Any CPU = Debug|Any CPU
		Release|Any CPU = Release|Any CPU
	EndGlobalSection
	GlobalSection(ProjectConfigurationPlatforms) = postSolution
		{94F06553-072C-4D02-886E-BB7FC11F093B}.Debug|Any CPU.ActiveCfg = Debug|Any CPU
		{94F06553-072C-4D02-886E-BB7FC11F093B}.Debug|Any CPU.Build.0 = Debug|Any CPU
		{94F06553-072C-4D02-886E-BB7FC11F093B}.Release|Any CPU.ActiveCfg = Release|Any CPU
		{94F06553-072C-4D02-886E-BB7FC11F093B}.Release|Any CPU.Build.0 = Release|Any CPU
	EndGlobalSection
	GlobalSection(SolutionProperties) = preSolution
		HideSolutionNode = FALSE
	EndGlobalSection
	GlobalSection(ExtensibilityGlobals) = postSolution
		SolutionGuid = {EF153309-406F-498E-BE52-200308570D8D}
	EndGlobalSection
EndGlobal
